# This file is autogenerated, do not edit; changes may be undone by the next 'dep ensure'.


[[projects]]
  name = "github.com/Masterminds/semver"
  packages = ["."]
  revision = "0a299beba2ae1df55623af7412bd5015ba97f209"

[[projects]]
  name = "github.com/pkg/errors"
  packages = ["."]
  revision = "839d9e913e063e28dfd0e6c7b7512793e0a48be9"

[solve-meta]
  analyzer-name = "dep"
  analyzer-version = 1
  inputs-digest = "d149e6a118035d66eb26ac7849f09615131c7db76e41db9d8c2989f594d34595"
  solver-name = "gps-cdcl"
  solver-version = 1
